{
  "lockfileVersion": 1,
  "configVersion": 1,
  "workspaces": {
    "": {
      "dependencies": {
        "string-natural-compare": "^3.0.1",
      },
    },
  },
  "packages": {
    "string-natural-compare": ["string-natural-compare@3.0.1", "", {}, "sha512-n3sPwynL1nwKi3WJ6AIsClwBMa0zTi54fn2oLU6ndfTSIO05xaznjSf15PcBZU6FNWbmN5Q6cxT4V5hGvB4taw=="],
  }
}
