{
  "lockfileVersion": 1,
  "configVersion": 1,
  "workspaces": {
    "": {
      "dependencies": {
        "map-obj": "^6.0.0",
      },
    },
  },
  "packages": {
    "map-obj": ["map-obj@6.0.0", "", {}, "sha512-PwDvwt/tK70+luLw5k9ySLtzLAzwf7tZTY9GBj63Y010nHRPjwHcQTpTd5JwQqITC2ty7prtxBo71iwyYY0TAg=="],
  }
}
