{
  "lockfileVersion": 1,
  "configVersion": 1,
  "workspaces": {
    "": {
      "dependencies": {
        "just-curry-it": "*",
      },
    },
  },
  "packages": {
    "just-curry-it": ["just-curry-it@5.3.0", "", {}, "sha512-silMIRiFjUWlfaDhkgSzpuAyQ6EX/o09Eu8ZBfmFwQMbax7+LQzeIU2CBrICT6Ne4l86ITCGvUCBpCubWYy0Yw=="],
  }
}
