{
  "lockfileVersion": 1,
  "configVersion": 1,
  "workspaces": {
    "": {
      "name": "consumer-ulid-app",
      "dependencies": {
        "ulid": "^2",
      },
    },
  },
  "packages": {
    "ulid": ["ulid@2.4.0", "", { "bin": { "ulid": "bin/cli.js" } }, "sha512-fIRiVTJNcSRmXKPZtGzFQv9WRrZ3M9eoptl/teFJvjOzmpU+/K/JH6HZ8deBfb5vMEpicJcLn7JmvdknlMq7Zg=="],
  }
}
