{
  "lockfileVersion": 1,
  "configVersion": 1,
  "workspaces": {
    "": {
      "name": "rfc",
      "dependencies": {
        "rfc4648": "^1",
      },
    },
  },
  "packages": {
    "rfc4648": ["rfc4648@1.5.4", "", {}, "sha512-rRg/6Lb+IGfJqO05HZkN50UtY7K/JhxJag1kP23+zyMfrvoB0B7RWv06MbOzoc79RgCdNTiUaNsTT1AJZ7Z+cg=="],
  }
}
