{
  "lockfileVersion": 1,
  "configVersion": 1,
  "workspaces": {
    "": {
      "dependencies": {
        "valtio": "*",
      },
    },
  },
  "packages": {
    "proxy-compare": ["proxy-compare@3.0.1", "", {}, "sha512-V9plBAt3qjMlS1+nC8771KNf6oJ12gExvaxnNzN/9yVRLdTv/lc+oJlnSzrdYDAvBfTStPCoiaCOTmTs0adv7Q=="],

    "valtio": ["valtio@2.3.2", "", { "dependencies": { "proxy-compare": "^3.0.1" }, "peerDependencies": { "@types/react": ">=18.0.0", "react": ">=18.0.0" }, "optionalPeers": ["@types/react", "react"] }, "sha512-YXhWQei9IN/ZDce9rhL3trCq9+vVq8M1gWmKVdP3YSZ2gxsmmNWVbxXwf9yG6ffu/dAvAD91nevg8xirGr4Dhg=="],
  }
}
