{
  "lockfileVersion": 1,
  "configVersion": 1,
  "workspaces": {
    "": {
      "dependencies": {
        "upath": "*",
      },
    },
  },
  "packages": {
    "upath": ["upath@3.0.7", "", {}, "sha512-VjBBquch25nUGMuVBpOb2Cj3gc8Kb7lJBqbsXR/0anZ/5uJsL14Kpth9JKfnBsckxCfgIp6hPvcvvmZ97R9X7g=="],
  }
}
