{
  "lockfileVersion": 1,
  "configVersion": 1,
  "workspaces": {
    "": {
      "dependencies": {
        "io-ts": "*",
      },
    },
  },
  "packages": {
    "fp-ts": ["fp-ts@2.16.11", "", {}, "sha512-LaI+KaX2NFkfn1ZGHoKCmcfv7yrZsC3b8NtWsTVQeHkq4F27vI5igUuO53sxqDEa2gNQMHFPmpojDw/1zmUK7w=="],

    "io-ts": ["io-ts@2.2.22", "", { "peerDependencies": { "fp-ts": "^2.5.0" } }, "sha512-FHCCztTkHoV9mdBsHpocLpdTAfh956ZQcIkWQxxS0U5HT53vtrcuYdQneEJKH6xILaLNzXVl2Cvwtoy8XNN0AA=="],
  }
}
