{
  "lockfileVersion": 1,
  "configVersion": 1,
  "workspaces": {
    "": {
      "name": "pl",
      "dependencies": {
        "pluralize": "^8",
      },
    },
  },
  "packages": {
    "pluralize": ["pluralize@8.0.0", "", {}, "sha512-Nc3IT5yHzflTfbjgqWcCPpo7DaKy4FnpB0l/zCAW0Tc7jxAiuqSxHasntB3D7887LSrA93kDJ9IXovxJYxyLCA=="],
  }
}
