{
  "lockfileVersion": 1,
  "configVersion": 1,
  "workspaces": {
    "": {
      "dependencies": {
        "p-defer": "^4.0.1",
      },
    },
  },
  "packages": {
    "p-defer": ["p-defer@4.0.1", "", {}, "sha512-Mr5KC5efvAK5VUptYEIopP1bakB85k2IWXaRC0rsh1uwn1L6M0LVml8OIQ4Gudg4oyZakf7FmeRLkMMtZW1i5A=="],
  }
}
