{
  "lockfileVersion": 1,
  "configVersion": 1,
  "workspaces": {
    "": {
      "dependencies": {
        "natural-orderby": "^5.0.0",
      },
    },
  },
  "packages": {
    "natural-orderby": ["natural-orderby@5.0.0", "", {}, "sha512-kKHJhxwpR/Okycz4HhQKKlhWe4ASEfPgkSWNmKFHd7+ezuQlxkA5cM3+XkBPvm1gmHen3w53qsYAv+8GwRrBlg=="],
  }
}
