{
  "lockfileVersion": 1,
  "configVersion": 1,
  "workspaces": {
    "": {
      "dependencies": {
        "fuse.js": "^7.3.0",
      },
    },
  },
  "packages": {
    "fuse.js": ["fuse.js@7.3.0", "", {}, "sha512-plz8RVjfcDedTGfVngWH1jmJvBvAwi1v2jecfDerbEnMcmOYUEEwKFTHbNoCiYyzaK2Ws8lABkTCcRSqCY1q4w=="],
  }
}
