{
  "lockfileVersion": 1,
  "configVersion": 1,
  "workspaces": {
    "": {
      "dependencies": {
        "undici": "^8.2.0",
      },
    },
  },
  "packages": {
    "undici": ["undici@8.2.0", "", {}, "sha512-Z+4Hx9GE26Lh9Upwfnc8C7SsrpBPGaM/Gm6kMFtiG7c+5IvQKlXi/t+9x9DrrCh29cww5TSP9YdVaBcnLDs5fQ=="],
  }
}
