{
  "lockfileVersion": 1,
  "configVersion": 1,
  "workspaces": {
    "": {
      "dependencies": {
        "parse-duration": "^2.1.6",
      },
    },
  },
  "packages": {
    "parse-duration": ["parse-duration@2.1.6", "", {}, "sha512-1/A2Exg3NcJGcYdgV/dn4frR7vO2hOW/ohQ4KIgbT4W3raVcpYSszPWiL6I6cKufi4jQM5NbGRXLBj8AoLM4iQ=="],
  }
}
