{
  "lockfileVersion": 1,
  "configVersion": 1,
  "workspaces": {
    "": {
      "dependencies": {
        "title-case": "^4.3.2",
      },
    },
  },
  "packages": {
    "title-case": ["title-case@4.3.2", "", {}, "sha512-I/nkcBo73mO42Idfv08jhInV61IMb61OdIFxk+B4Gu1oBjWBPOLmhZdsli+oJCVaD+86pYQA93cJfFt224ZFAA=="],
  }
}
