{
  "lockfileVersion": 1,
  "configVersion": 1,
  "workspaces": {
    "": {
      "dependencies": {
        "dotenv-expand": "*",
      },
    },
  },
  "packages": {
    "dotenv": ["dotenv@17.4.2", "", {}, "sha512-nI4U3TottKAcAD9LLud4Cb7b2QztQMUEfHbvhTH09bqXTxnSie8WnjPALV/WMCrJZ6UV/qHJ6L03OqO3LcdYZw=="],

    "dotenv-expand": ["dotenv-expand@13.0.0", "", { "dependencies": { "dotenv": "^17.4.2" } }, "sha512-aBfBS8eYIeXmpHI9ThIlA7/WLq+SLt18iXUZhb52rW89QLKQFoIpPG1bPeewoPZsTyjSSO3T7234FBVUM1V2rA=="],
  }
}
