{
  "lockfileVersion": 1,
  "configVersion": 1,
  "workspaces": {
    "": {
      "dependencies": {
        "string-similarity": "^4.0.4",
      },
    },
  },
  "packages": {
    "string-similarity": ["string-similarity@4.0.4", "", {}, "sha512-/q/8Q4Bl4ZKAPjj8WerIBJWALKkaPRfrvhfF8k/B23i4nzrlRj2/go1m90In7nG/3XDSbOo0+pu6RvCTM9RGMQ=="],
  }
}
