{
  "lockfileVersion": 1,
  "configVersion": 1,
  "workspaces": {
    "": {
      "dependencies": {
        "moment-timezone": "*",
      },
    },
  },
  "packages": {
    "moment": ["moment@2.30.1", "", {}, "sha512-uEmtNhbDOrWPFS+hdjFCBfy9f2YoyzRpwcl+DqpC6taX21FzsTLQVbMV/W7PzNSX6x/bhC1zA3c2UQ5NzH6how=="],

    "moment-timezone": ["moment-timezone@0.6.2", "", { "dependencies": { "moment": "^2.29.4" } }, "sha512-lDsQv8FoGdBUdf0+TjGsq2orxKuXdwFlQ6Zw6TX3xIcTwTfEpCLyKqvEauvCHJ8iu3KBV8+uPhlv70YsNGdUBQ=="],
  }
}
