{
  "lockfileVersion": 1,
  "configVersion": 1,
  "workspaces": {
    "": {
      "dependencies": {
        "uuid-random": "^1.3.2",
      },
    },
  },
  "packages": {
    "uuid-random": ["uuid-random@1.3.2", "", {}, "sha512-UOzej0Le/UgkbWEO8flm+0y+G+ljUon1QWTEZOq1rnMAsxo2+SckbiZdKzAHHlVh6gJqI1TjC/xwgR50MuCrBQ=="],
  }
}
