{
  "lockfileVersion": 1,
  "configVersion": 1,
  "workspaces": {
    "": {
      "dependencies": {
        "scrypt-js": "*",
      },
    },
  },
  "packages": {
    "scrypt-js": ["scrypt-js@3.0.1", "", {}, "sha512-cdwTTnqPu0Hyvf5in5asVdZocVDTNRmR7XEcJuIzMjJeSHybHl7vpB66AzwTaIg6CLSbtjcxc8fqcySfnTkccA=="],
  }
}
