{
  "lockfileVersion": 1,
  "configVersion": 1,
  "workspaces": {
    "": {
      "dependencies": {
        "fast-sort": "^3.4.1",
      },
    },
  },
  "packages": {
    "fast-sort": ["fast-sort@3.4.1", "", {}, "sha512-76uvGPsF6So53sZAqenP9UVT3p5l7cyTHkLWVCMinh41Y8NDrK1IYXJgaBMfc1gk7nJiSRZp676kddFG2Aa5+A=="],
  }
}
