{
  "lockfileVersion": 1,
  "configVersion": 1,
  "workspaces": {
    "": {
      "name": "et",
      "dependencies": {
        "eta": "^3",
      },
    },
  },
  "packages": {
    "eta": ["eta@3.5.0", "", {}, "sha512-e3x3FBvGzeCIHhF+zhK8FZA2vC5uFn6b4HJjegUbIWrDb4mJ7JjTGMJY9VGIbRVpmSwHopNiaJibhjIr+HfLug=="],
  }
}
