{
  "lockfileVersion": 1,
  "configVersion": 1,
  "workspaces": {
    "": {
      "dependencies": {
        "jsondiffpatch": "^0.7.3",
      },
    },
  },
  "packages": {
    "@dmsnell/diff-match-patch": ["@dmsnell/diff-match-patch@1.1.0", "", {}, "sha512-yejLPmM5pjsGvxS9gXablUSbInW7H976c/FJ4iQxWIm7/38xBySRemTPDe34lhg1gVLbJntX0+sH0jYfU+PN9A=="],

    "jsondiffpatch": ["jsondiffpatch@0.7.3", "", { "dependencies": { "@dmsnell/diff-match-patch": "^1.1.0" }, "bin": { "jsondiffpatch": "bin/jsondiffpatch.js" } }, "sha512-zd4dqFiXSYyant2WgSXAZ9+yYqilNVvragVNkNRn2IFZKgjyULNrKRznqN4Zon0MkLueCg+3QaPVCnDAVP20OQ=="],
  }
}
