{
  "lockfileVersion": 1,
  "configVersion": 1,
  "workspaces": {
    "": {
      "dependencies": {
        "arrify": "^3.0.0",
      },
    },
  },
  "packages": {
    "arrify": ["arrify@3.0.0", "", {}, "sha512-tLkvA81vQG/XqE2mjDkGQHoOINtMHtysSnemrmoGe6PydDPMRbVugqyk4A6V/WDWEfm3l+0d8anA9r8cv/5Jaw=="],
  }
}
