{
  "lockfileVersion": 1,
  "configVersion": 1,
  "workspaces": {
    "": {
      "dependencies": {
        "random-int": "^3.1.0",
      },
    },
  },
  "packages": {
    "random-int": ["random-int@3.1.0", "", {}, "sha512-h8CRz8cpvzj0hC/iH/1Gapgcl2TQ6xtnCpyOI5WvWfXf/yrDx2DOU+tD9rX23j36IF11xg1KqB9W11Z18JPMdw=="],
  }
}
