{
  "lockfileVersion": 1,
  "configVersion": 1,
  "workspaces": {
    "": {
      "dependencies": {
        "strip-indent": "^4.1.1",
      },
    },
  },
  "packages": {
    "strip-indent": ["strip-indent@4.1.1", "", {}, "sha512-SlyRoSkdh1dYP0PzclLE7r0M9sgbFKKMFXpFRUMNuKhQSbC6VQIGzq3E0qsfvGJaUFJPGv6Ws1NZ/haTAjfbMA=="],
  }
}
