{
  "lockfileVersion": 1,
  "configVersion": 1,
  "workspaces": {
    "": {
      "dependencies": {
        "yaml-ast-parser": "*",
      },
    },
  },
  "packages": {
    "yaml-ast-parser": ["yaml-ast-parser@0.0.43", "", {}, "sha512-2PTINUwsRqSd+s8XxKaJWQlUuEMHJQyEuh2edBbW8KNJz0SJPwUSD2zRWqezFEdN7IzAgeuYHFUCF7o8zRdZ0A=="],
  }
}
