{
  "lockfileVersion": 1,
  "configVersion": 1,
  "workspaces": {
    "": {
      "dependencies": {
        "bn.js": "^5.2.3",
      },
    },
  },
  "packages": {
    "bn.js": ["bn.js@5.2.3", "", {}, "sha512-EAcmnPkxpntVL+DS7bO1zhcZNvCkxqtkd0ZY53h06GNQ3DEkkGZ/gKgmDv6DdZQGj9BgfSPKtJJ7Dp1GPP8f7w=="],
  }
}
