{
  "lockfileVersion": 1,
  "configVersion": 1,
  "workspaces": {
    "": {
      "dependencies": {
        "temporal-polyfill": "*",
      },
    },
  },
  "packages": {
    "temporal-polyfill": ["temporal-polyfill@0.3.2", "", { "dependencies": { "temporal-spec": "0.3.1" } }, "sha512-TzHthD/heRK947GNiSu3Y5gSPpeUDH34+LESnfsq8bqpFhsB79HFBX8+Z834IVX68P3EUyRPZK5bL/1fh437Eg=="],

    "temporal-spec": ["temporal-spec@0.3.1", "", {}, "sha512-B4TUhezh9knfSIMwt7RVggApDRJZo73uZdj8AacL2mZ8RP5KtLianh2MXxL06GN9ESYiIsiuoLQhgVfwe55Yhw=="],
  }
}
