{
  "lockfileVersion": 1,
  "configVersion": 1,
  "workspaces": {
    "": {
      "dependencies": {
        "tinytim": "^0.1.1",
      },
    },
  },
  "packages": {
    "tinytim": ["tinytim@0.1.1", "", {}, "sha512-NIpsp9lBIxPNzB++HnMmUd4byzJSVbbO4F+As1Gb1IG/YQT5QvmBDjpx8SpDS8fhGC+t+Qw8ldQgbcAIaU+2cA=="],
  }
}
