{
  "lockfileVersion": 1,
  "configVersion": 1,
  "workspaces": {
    "": {
      "dependencies": {
        "fast-csv": "*",
      },
    },
  },
  "packages": {
    "@fast-csv/format": ["@fast-csv/format@5.0.7", "", { "dependencies": { "lodash.escaperegexp": "^4.1.2" } }, "sha512-VdypoRxv7PF+LsyPouTMKdB0d76hync+gLpgdNqfqVK44MsgW4oiCJSdrki2FisWT7v2QGUYDHjp4L7w5oO6gw=="],

    "@fast-csv/parse": ["@fast-csv/parse@5.0.7", "", { "dependencies": { "lodash.escaperegexp": "^4.1.2", "lodash.groupby": "^4.6.0", "lodash.uniq": "^4.5.0" } }, "sha512-MeuDeQj0DVmIGWky8STaKtvj232Gpq8kjrOGplHJ99Os7OO5CetVfXvUGqX/3GHYFOUsz6FK8isWtDY2XTFNWw=="],

    "fast-csv": ["fast-csv@5.0.7", "", { "dependencies": { "@fast-csv/format": "5.0.7", "@fast-csv/parse": "5.0.7" } }, "sha512-KirK9wYIUXF/xTYmg/jv9ehUWbQ4Faf6XutuJKlEz72eoqKMMLdCnz+rGDeBSjpV2wwkHQnLSuJ5i+FRRnzZwA=="],

    "lodash.escaperegexp": ["lodash.escaperegexp@4.1.2", "", {}, "sha512-TM9YBvyC84ZxE3rgfefxUWiQKLilstD6k7PTGt6wfbtXF8ixIJLOL3VYyV/z+ZiPLsVxAsKAFVwWlWeb2Y8Yyw=="],

    "lodash.groupby": ["lodash.groupby@4.6.0", "", {}, "sha512-5dcWxm23+VAoz+awKmBaiBvzox8+RqMgFhi7UvX9DHZr2HdxHXM/Wrf8cfKpsW37RNrvtPn6hSwNqurSILbmJw=="],

    "lodash.uniq": ["lodash.uniq@4.5.0", "", {}, "sha512-xfBaXQd9ryd9dlSDvnvI0lvxfLJlYAZzXomUYzLKtUeOQvOP5piqAWuGtrhWeqaXK9hhoM/iyJc5AV+XfsX3HQ=="],
  }
}
