{
  "lockfileVersion": 1,
  "configVersion": 1,
  "workspaces": {
    "": {
      "dependencies": {
        "pretty-bytes": "^7.1.0",
      },
    },
  },
  "packages": {
    "pretty-bytes": ["pretty-bytes@7.1.0", "", {}, "sha512-nODzvTiYVRGRqAOvE84Vk5JDPyyxsVk0/fbA/bq7RqlnhksGpset09XTxbpvLTIjoaF7K8Z8DG8yHtKGTPSYRw=="],
  }
}
