{
  "lockfileVersion": 1,
  "configVersion": 1,
  "workspaces": {
    "": {
      "dependencies": {
        "ipaddr.js": "^2.4.0",
      },
    },
  },
  "packages": {
    "ipaddr.js": ["ipaddr.js@2.4.0", "", {}, "sha512-9VGk3HGanVE6JoZXHiCpnGy5X0jYDnN4EA4lntFPj+1vIWlFhIylq2CrrCOJH9EAhc5CYhq18F2Av2tgoAPsYQ=="],
  }
}
