{
  "lockfileVersion": 1,
  "configVersion": 1,
  "workspaces": {
    "": {
      "dependencies": {
        "remeda": "^2.34.0",
      },
    },
  },
  "packages": {
    "remeda": ["remeda@2.34.0", "", {}, "sha512-zL4cEPkLHxwmlDRPyvJZjojpG5M5HXrDiABNKof+dq7kkuyQttP6NrF2uJB0DKIU09K8cTq+sQDlbo2r7mdR5Q=="],
  }
}
