{
  "lockfileVersion": 1,
  "configVersion": 1,
  "workspaces": {
    "": {
      "dependencies": {
        "filter-obj": "^6.1.0",
      },
    },
  },
  "packages": {
    "filter-obj": ["filter-obj@6.1.0", "", {}, "sha512-xdMtCAODmPloU9qtmPcdBV9Kd27NtMse+4ayThxqIHUES5Z2S6bGpap5PpdmNM56ub7y3i1eyr+vJJIIgWGKmA=="],
  }
}
