{
  "lockfileVersion": 1,
  "configVersion": 1,
  "workspaces": {
    "": {
      "dependencies": {
        "tweetnacl-util": "^0.15.1",
      },
    },
  },
  "packages": {
    "tweetnacl-util": ["tweetnacl-util@0.15.1", "", {}, "sha512-RKJBIj8lySrShN4w6i/BonWp2Z/uxwC3h4y7xsRrpP59ZboCd0GpEVsOnMDYLMmKBpYhb5TgHzZXy7wTfYFBRw=="],
  }
}
