{
  "lockfileVersion": 1,
  "configVersion": 1,
  "workspaces": {
    "": {
      "dependencies": {
        "snake-case": "^4.0.0",
      },
    },
  },
  "packages": {
    "no-case": ["no-case@4.0.0", "", {}, "sha512-WmS3EUGw+vXHlTgiUPi3NzbZNwH6+uGX0QLGgqG+aFSJ5rkX/Ee0nuwHBJfZTfQwwR8lGO819NEIwQ7CGhkdEQ=="],

    "snake-case": ["snake-case@4.0.0", "", { "dependencies": { "no-case": "^4.0.0" } }, "sha512-slvG6efKZ3GYUUZdhPOq/lLIqutwQ4TdPViD1VKqsbf0u76U/aPRswPKjOaAS9T7fAPmRmXuN6C/nM0xsMaFLQ=="],
  }
}
