{
  "lockfileVersion": 1,
  "configVersion": 1,
  "workspaces": {
    "": {
      "name": "f",
      "dependencies": {
        "flatted": "^3",
      },
    },
  },
  "packages": {
    "flatted": ["flatted@3.4.2", "", {}, "sha512-PjDse7RzhcPkIJwy5t7KPWQSZ9cAbzQXcafsetQoD7sOJRQlGikNbx7yZp2OotDnJyrDcbyRq3Ttb18iYOqkxA=="],
  }
}
