{
  "lockfileVersion": 1,
  "configVersion": 1,
  "workspaces": {
    "": {
      "dependencies": {
        "expr-eval": "^2.0.2",
      },
    },
  },
  "packages": {
    "expr-eval": ["expr-eval@2.0.2", "", {}, "sha512-4EMSHGOPSwAfBiibw3ndnP0AvjDWLsMvGOvWEZ2F96IGk0bIVdjQisOHxReSkE13mHcfbuCiXw+G4y0zv6N8Eg=="],
  }
}
