{
  "lockfileVersion": 1,
  "configVersion": 1,
  "workspaces": {
    "": {
      "dependencies": {
        "onetime": "^8.0.0",
      },
    },
  },
  "packages": {
    "mimic-function": ["mimic-function@5.0.1", "", {}, "sha512-VP79XUPxV2CigYP3jWwAUFSku2aKqBH7uTAapFWCBqutsbmDo96KY5o8uh6U+/YSIn5OxJnXp73beVkpqMIGhA=="],

    "onetime": ["onetime@8.0.0", "", { "dependencies": { "mimic-function": "^5.0.1" } }, "sha512-ODz2CnF+9043eG3exS38Efor4ekggmKvIydHaXWr1n9mXA5Afn8BdSsvVpa5AhBWricxhdBMfyeG3Yo3SB+VWA=="],
  }
}
