{
  "lockfileVersion": 1,
  "configVersion": 1,
  "workspaces": {
    "": {
      "dependencies": {
        "joi": "*",
      },
    },
  },
  "packages": {
    "@hapi/address": ["@hapi/address@5.1.1", "", { "dependencies": { "@hapi/hoek": "^11.0.2" } }, "sha512-A+po2d/dVoY7cYajycYI43ZbYMXukuopIsqCjh5QzsBCipDtdofHntljDlpccMjIfTy6UOkg+5KPriwYch2bXA=="],

    "@hapi/formula": ["@hapi/formula@3.0.2", "", {}, "sha512-hY5YPNXzw1He7s0iqkRQi+uMGh383CGdyyIGYtB+W5N3KHPXoqychklvHhKCC9M3Xtv0OCs/IHw+r4dcHtBYWw=="],

    "@hapi/hoek": ["@hapi/hoek@11.0.7", "", {}, "sha512-HV5undWkKzcB4RZUusqOpcgxOaq6VOAH7zhhIr2g3G8NF/MlFO75SjOr2NfuSx0Mh40+1FqCkagKLJRykUWoFQ=="],

    "@hapi/pinpoint": ["@hapi/pinpoint@2.0.1", "", {}, "sha512-EKQmr16tM8s16vTT3cA5L0kZZcTMU5DUOZTuvpnY738m+jyP3JIUj+Mm1xc1rsLkGBQ/gVnfKYPwOmPg1tUR4Q=="],

    "@hapi/tlds": ["@hapi/tlds@1.1.6", "", {}, "sha512-xdi7A/4NZokvV0ewovme3aUO5kQhW9pQ2YD1hRqZGhhSi5rBv4usHYidVocXSi9eihYsznZxLtAiEYYUL6VBGw=="],

    "@hapi/topo": ["@hapi/topo@6.0.2", "", { "dependencies": { "@hapi/hoek": "^11.0.2" } }, "sha512-KR3rD5inZbGMrHmgPxsJ9dbi6zEK+C3ZwUwTa+eMwWLz7oijWUTWD2pMSNNYJAU6Qq+65NkxXjqHr/7LM2Xkqg=="],

    "@standard-schema/spec": ["@standard-schema/spec@1.1.0", "", {}, "sha512-l2aFy5jALhniG5HgqrD6jXLi/rUWrKvqN/qJx6yoJsgKhblVd+iqqU4RCXavm/jPityDo5TCvKMnpjKnOriy0w=="],

    "joi": ["joi@18.2.1", "", { "dependencies": { "@hapi/address": "^5.1.1", "@hapi/formula": "^3.0.2", "@hapi/hoek": "^11.0.7", "@hapi/pinpoint": "^2.0.1", "@hapi/tlds": "^1.1.1", "@hapi/topo": "^6.0.2", "@standard-schema/spec": "^1.1.0" } }, "sha512-2/OKlogiESf2Nh3TFCrRjrr9z1DRHeW0I+KReF67+4J0Ns+8hBtHRmoWAZ2OFU6I5+TWLEe6sVlSdXPjHm5UbQ=="],
  }
}
