{
  "lockfileVersion": 1,
  "configVersion": 1,
  "workspaces": {
    "": {
      "dependencies": {
        "meriyah": "*",
      },
    },
  },
  "packages": {
    "meriyah": ["meriyah@7.1.0", "", {}, "sha512-4K/lV+RFSrM8vy9H58FSd+wrxrXlPhYOK8AOaNQ7iFaHugYRx4tHIAaRYLMtXx/spMByZ4S080di6lXSTDI9eg=="],
  }
}
