{
  "lockfileVersion": 1,
  "configVersion": 1,
  "workspaces": {
    "": {
      "name": "xs",
      "dependencies": {
        "xstate": "^5",
      },
    },
  },
  "packages": {
    "xstate": ["xstate@5.31.1", "", {}, "sha512-3P7t7GQ61BvLu+8Cj6Zq7rcS34vecL9pvfN2ucUWmIFIUG+rAREviOs4Xy4OO3BuJHSz6RLU8eqDXxSbVotjDQ=="],
  }
}
