{
  "lockfileVersion": 1,
  "configVersion": 1,
  "workspaces": {
    "": {
      "dependencies": {
        "zen-observable": "^0.10.0",
      },
    },
  },
  "packages": {
    "zen-observable": ["zen-observable@0.10.0", "", {}, "sha512-iI3lT0iojZhKwT5DaFy2Ce42n3yFcLdFyOh01G7H0flMY60P8MJuVFEoJoNwXlmAyQ45GrjL6AcZmmlv8A5rbw=="],
  }
}
