{
  "lockfileVersion": 1,
  "configVersion": 1,
  "workspaces": {
    "": {
      "dependencies": {
        "unraw": "^3.0.0",
      },
    },
  },
  "packages": {
    "unraw": ["unraw@3.0.0", "", {}, "sha512-08/DA66UF65OlpUDIQtbJyrqTR0jTAlJ+jsnkQ4jxR7+K5g5YG1APZKQSMCE1vqqmD+2pv6+IdEjmopFatacvg=="],
  }
}
