{
  "lockfileVersion": 1,
  "configVersion": 1,
  "workspaces": {
    "": {
      "dependencies": {
        "p-event": "^7.1.0",
      },
    },
  },
  "packages": {
    "p-event": ["p-event@7.1.0", "", { "dependencies": { "p-timeout": "^7.0.1" } }, "sha512-/lkPs5W1aC3cp6vqZefpdosOn65J571sWodyfOQiF0+tmDCpU+H8Atwpu0vQROCVUlZuToDN5eyTLsMLLc54mg=="],

    "p-timeout": ["p-timeout@7.0.1", "", {}, "sha512-AxTM2wDGORHGEkPCt8yqxOTMgpfbEHqF51f/5fJCmwFC3C/zNcGT63SymH2ttOAaiIws2zVg4+izQCjrakcwHg=="],
  }
}
