{
  "lockfileVersion": 1,
  "configVersion": 1,
  "workspaces": {
    "": {
      "name": "p2r",
      "dependencies": {
        "path-to-regexp": "^8",
      },
    },
  },
  "packages": {
    "path-to-regexp": ["path-to-regexp@8.4.2", "", {}, "sha512-qRcuIdP69NPm4qbACK+aDogI5CBDMi1jKe0ry5rSQJz8JVLsC7jV8XpiJjGRLLol3N+R5ihGYcrPLTno6pAdBA=="],
  }
}
