{
  "lockfileVersion": 1,
  "configVersion": 1,
  "workspaces": {
    "": {
      "dependencies": {
        "openai": "*",
      },
    },
  },
  "packages": {
    "openai": ["openai@6.37.0", "", { "peerDependencies": { "ws": "^8.18.0", "zod": "^3.25 || ^4.0" }, "optionalPeers": ["ws", "zod"], "bin": { "openai": "bin/cli" } }, "sha512-0H5dEGFmmLv6KSd0W1w2nyL8WsLkX6yoLeQpU+dZAOuGcany5qkYQMmj35ZrKgb6yiyYqpUzFOpR8mZQkgqeEQ=="],
  }
}
