{
  "lockfileVersion": 1,
  "configVersion": 1,
  "workspaces": {
    "": {
      "dependencies": {
        "stringify-object": "^6.0.0",
      },
    },
  },
  "packages": {
    "convert-hrtime": ["convert-hrtime@5.0.0", "", {}, "sha512-lOETlkIeYSJWcbbcvjRKGxVMXJR+8+OQb/mTPbA4ObPMytYIsUbuOE0Jzy60hjARYszq1id0j8KgVhC+WGZVTg=="],

    "function-timeout": ["function-timeout@1.0.2", "", {}, "sha512-939eZS4gJ3htTHAldmyyuzlrD58P03fHG49v2JfFXbV6OhvZKRC9j2yAtdHw/zrp2zXHuv05zMIy40F0ge7spA=="],

    "get-own-enumerable-keys": ["get-own-enumerable-keys@1.0.0", "", {}, "sha512-PKsK2FSrQCyxcGHsGrLDcK0lx+0Ke+6e8KFFozA9/fIQLhQzPaRvJFdcz7+Axg3jUH/Mq+NI4xa5u/UT2tQskA=="],

    "identifier-regex": ["identifier-regex@1.0.1", "", { "dependencies": { "reserved-identifiers": "^1.0.0" } }, "sha512-ZrYyM0sozNPZlvBvE7Oq9Bn44n0qKGrYu5sQ0JzMUnjIhpgWYE2JB6aBoFwEYdPjqj7jPyxXTMJiHDOxDfd8yw=="],

    "is-identifier": ["is-identifier@1.0.1", "", { "dependencies": { "identifier-regex": "^1.0.0", "super-regex": "^1.0.0" } }, "sha512-HQ5v4rEJ7REUV54bCd2l5FaD299SGDEn2UPoVXaTHAyGviLq2menVUD2udi3trQ32uvB6LdAh/0ck2EuizrtpA=="],

    "is-obj": ["is-obj@3.0.0", "", {}, "sha512-IlsXEHOjtKhpN8r/tRFj2nDyTmHvcfNeu/nrRIcXE17ROeatXchkojffa1SpdqW4cr/Fj6QkEf/Gn4zf6KKvEQ=="],

    "is-regexp": ["is-regexp@3.1.0", "", {}, "sha512-rbku49cWloU5bSMI+zaRaXdQHXnthP6DZ/vLnfdSKyL4zUzuWnomtOEiZZOd+ioQ+avFo/qau3KPTc7Fjy1uPA=="],

    "make-asynchronous": ["make-asynchronous@1.1.0", "", { "dependencies": { "p-event": "^6.0.0", "type-fest": "^4.6.0", "web-worker": "^1.5.0" } }, "sha512-ayF7iT+44LXdxJLTrTd3TLQpFDDvPCBxXxbv+pMUSuHA5Q8zyAfwkRP6aHHwNVFBUFWtxAHqwNJxF8vMZLAbVg=="],

    "p-event": ["p-event@6.0.1", "", { "dependencies": { "p-timeout": "^6.1.2" } }, "sha512-Q6Bekk5wpzW5qIyUP4gdMEujObYstZl6DMMOSenwBvV0BlE5LkDwkjs5yHbZmdCEq2o4RJx4tE1vwxFVf2FG1w=="],

    "p-timeout": ["p-timeout@6.1.4", "", {}, "sha512-MyIV3ZA/PmyBN/ud8vV9XzwTrNtR4jFrObymZYnZqMmW0zA8Z17vnT0rBgFE/TlohB+YCHqXMgZzb3Csp49vqg=="],

    "reserved-identifiers": ["reserved-identifiers@1.2.0", "", {}, "sha512-yE7KUfFvaBFzGPs5H3Ops1RevfUEsDc5Iz65rOwWg4lE8HJSYtle77uul3+573457oHvBKuHYDl/xqUkKpEEdw=="],

    "stringify-object": ["stringify-object@6.0.0", "", { "dependencies": { "get-own-enumerable-keys": "^1.0.0", "is-identifier": "^1.0.1", "is-obj": "^3.0.0", "is-regexp": "^3.1.0" } }, "sha512-6f94vIED6vmJJfh3lyVsVWxCYSfI5uM+16ntED/Ql37XIyV6kj0mRAAiTeMMc/QLYIaizC3bUprQ8pQnDDrKfA=="],

    "super-regex": ["super-regex@1.1.0", "", { "dependencies": { "function-timeout": "^1.0.1", "make-asynchronous": "^1.0.1", "time-span": "^5.1.0" } }, "sha512-WHkws2ZflZe41zj6AolvvmaTrWds/VuyeYr9iPVv/oQeaIoVxMKaushfFWpOGDT+GuBrM/sVqF8KUCYQlSSTdQ=="],

    "time-span": ["time-span@5.1.0", "", { "dependencies": { "convert-hrtime": "^5.0.0" } }, "sha512-75voc/9G4rDIJleOo4jPvN4/YC4GRZrY8yy1uU4lwrB3XEQbWve8zXoO5No4eFrGcTAMYyoY67p8jRQdtA1HbA=="],

    "type-fest": ["type-fest@4.41.0", "", {}, "sha512-TeTSQ6H5YHvpqVwBRcnLDCBnDOHWYu7IvGbHT6N8AOymcr9PJGjc1GTtiWZTYg0NCgYwvnYWEkVChQAr9bjfwA=="],

    "web-worker": ["web-worker@1.5.0", "", {}, "sha512-RiMReJrTAiA+mBjGONMnjVDP2u3p9R1vkcGz6gDIrOMT3oGuYwX2WRMYI9ipkphSuE5XKEhydbhNEJh4NY9mlw=="],
  }
}
