{
  "lockfileVersion": 1,
  "configVersion": 1,
  "workspaces": {
    "": {
      "name": "sl",
      "dependencies": {
        "slugify": "^1",
      },
    },
  },
  "packages": {
    "slugify": ["slugify@1.6.9", "", {}, "sha512-vZ7rfeehZui7wQs438JXBckYLkIIdfHOXsaVEUMyS5fHo1483l1bMdo0EDSWYclY0yZKFOipDy4KHuKs6ssvdg=="],
  }
}
