{
  "lockfileVersion": 1,
  "configVersion": 1,
  "workspaces": {
    "": {
      "dependencies": {
        "set-cookie-parser": "^3.1.0",
      },
    },
  },
  "packages": {
    "set-cookie-parser": ["set-cookie-parser@3.1.0", "", {}, "sha512-kjnC1DXBHcxaOaOXBHBeRtltsDG2nUiUni+jP92M9gYdW12rsmx92UsfpH7o5tDRs7I1ZZPSQJQGv3UaRfCiuw=="],
  }
}
