{
  "lockfileVersion": 1,
  "configVersion": 1,
  "workspaces": {
    "": {
      "dependencies": {
        "p-throttle": "^8.1.0",
      },
    },
  },
  "packages": {
    "p-throttle": ["p-throttle@8.1.0", "", {}, "sha512-c1wmXavsHZIC4g1OLhOsafK6jZSAeMo0Ap3yivj59PUcCkpacy5YgWdgIp/dB4vp1JZrfBSsPCR0YuADB+ENLQ=="],
  }
}
