{
  "lockfileVersion": 1,
  "configVersion": 1,
  "workspaces": {
    "": {
      "dependencies": {
        "minilog": "^3.1.0",
      },
    },
  },
  "packages": {
    "microee": ["microee@0.0.6", "", {}, "sha512-/LdL3jiBWDJ3oQIRLgRhfeCZNE3patM1LiwCC124+/HHn10sI/G2OAyiMfTNzH5oYWoZBk0tRZADAUOv+0Wt0A=="],

    "minilog": ["minilog@3.1.0", "", { "dependencies": { "microee": "0.0.6" } }, "sha512-Xfm4jWjWzSAduvEWtuZX/8TMkxfJlCfH7XvikCZe3ptojYTBq1eoEs3rh9/3LNLOckUP86m+8l8+Iw5NU/pBww=="],
  }
}
