{
  "lockfileVersion": 1,
  "configVersion": 1,
  "workspaces": {
    "": {
      "name": "imm",
      "dependencies": {
        "immutable": "^4",
      },
    },
  },
  "packages": {
    "immutable": ["immutable@4.3.8", "", {}, "sha512-d/Ld9aLbKpNwyl0KiM2CT1WYvkitQ1TSvmRtkcV8FKStiDoA7Slzgjmb/1G2yhKM1p0XeNOieaTbFZmU1d3Xuw=="],
  }
}
