{
  "lockfileVersion": 1,
  "configVersion": 1,
  "workspaces": {
    "": {
      "dependencies": {
        "just-clone": "^6.2.0",
        "just-extend": "^6.2.0",
        "just-omit": "^2.2.0",
        "just-pick": "^4.2.0",
      },
    },
  },
  "packages": {
    "just-clone": ["just-clone@6.2.0", "", {}, "sha512-1IynUYEc/HAwxhi3WDpIpxJbZpMCvvrrmZVqvj9EhpvbH8lls7HhdhiByjL7DkAaWlLIzpC0Xc/VPvy/UxLNjA=="],

    "just-extend": ["just-extend@6.2.0", "", {}, "sha512-cYofQu2Xpom82S6qD778jBDpwvvy39s1l/hrYij2u9AMdQcGRpaBu6kY4mVhuno5kJVi1DAz4aiphA2WI1/OAw=="],

    "just-omit": ["just-omit@2.2.0", "", {}, "sha512-Js7+HxDOGcB3RhI38Mird/RgyMf3t0DAJFda1QWqqlAKTa36NeSYIufJXxrZUbysFTRcTOFcoMCiFK5FwCoI7Q=="],

    "just-pick": ["just-pick@4.2.0", "", {}, "sha512-m6bi0P/gFq5GEQJGYfHFsdod6fogViNIhsKbPBYavqF9SKFfMKPz7kf6ROL2PblkOdaib9vN/wJ7VXhCJre5Hw=="],
  }
}
