{
  "lockfileVersion": 1,
  "configVersion": 1,
  "workspaces": {
    "": {
      "dependencies": {
        "uniqid": "^5.4.0",
      },
    },
  },
  "packages": {
    "uniqid": ["uniqid@5.4.0", "", {}, "sha512-38JRbJ4Fj94VmnC7G/J/5n5SC7Ab46OM5iNtSstB/ko3l1b5g7ALt4qzHFgGciFkyiRNtDXtLNb+VsxtMSE77A=="],
  }
}
