{
  "lockfileVersion": 1,
  "configVersion": 1,
  "workspaces": {
    "": {
      "dependencies": {
        "kysely": "*",
      },
    },
  },
  "packages": {
    "kysely": ["kysely@0.29.0", "", {}, "sha512-LrQfPUeTW7MXbMvT62moEMnpMTuj9TO3lqjCeLKjM975PJ4Alrl/43f2tlDX7xOsNptKgH4LSNGwIbXwEkLg4g=="],
  }
}
